// !$*UTF8*$!
{
	archiveVersion = 1;
	classes = {
	};
	objectVersion = 55;
	objects = {

/* Begin PBXBuildFile section */
		8169EB542852C3CA00AFB536 /* Alamofire in Frameworks */ = {isa = PBXBuildFile; productRef = 8169EB532852C3CA00AFB536 /* Alamofire */; };
		8169EB562852C45900AFB536 /* ApiManager.swift in Sources */ = {isa = PBXBuildFile; fileRef = 8169EB552852C45900AFB536 /* ApiManager.swift */; };
		816C1E9328573852003C0F63 /* PokemonListViewTableCell.swift in Sources */ = {isa = PBXBuildFile; fileRef = 816C1E9228573852003C0F63 /* PokemonListViewTableCell.swift */; };
		8171A025284B3FE500938CAE /* AppDelegate.swift in Sources */ = {isa = PBXBuildFile; fileRef = 8171A024284B3FE500938CAE /* AppDelegate.swift */; };
		8171A027284B3FE500938CAE /* SceneDelegate.swift in Sources */ = {isa = PBXBuildFile; fileRef = 8171A026284B3FE500938CAE /* SceneDelegate.swift */; };
		8171A02E284B3FED00938CAE /* Assets.xcassets in Resources */ = {isa = PBXBuildFile; fileRef = 8171A02D284B3FED00938CAE /* Assets.xcassets */; };
		8171A031284B3FED00938CAE /* LaunchScreen.storyboard in Resources */ = {isa = PBXBuildFile; fileRef = 8171A02F284B3FED00938CAE /* LaunchScreen.storyboard */; };
		81B9638F2858E608006EEEFB /* PokemonDetailService.swift in Sources */ = {isa = PBXBuildFile; fileRef = 81B9638E2858E608006EEEFB /* PokemonDetailService.swift */; };
		81B963912858E75D006EEEFB /* PokemonDetail.swift in Sources */ = {isa = PBXBuildFile; fileRef = 81B963902858E75D006EEEFB /* PokemonDetail.swift */; };
		81B963932858E85F006EEEFB /* PokemonSprites.swift in Sources */ = {isa = PBXBuildFile; fileRef = 81B963922858E85F006EEEFB /* PokemonSprites.swift */; };
		81B963952858E9BB006EEEFB /* PokemonDetailViewController.swift in Sources */ = {isa = PBXBuildFile; fileRef = 81B963942858E9BB006EEEFB /* PokemonDetailViewController.swift */; };
		81C761102854057300C4D25B /* PokemonListViewModel.swift in Sources */ = {isa = PBXBuildFile; fileRef = 81C7610F2854057300C4D25B /* PokemonListViewModel.swift */; };
		81C761122854071A00C4D25B /* PokemonListViewController.swift in Sources */ = {isa = PBXBuildFile; fileRef = 81C761112854071A00C4D25B /* PokemonListViewController.swift */; };
		81CC369F2859FE45000DB2F6 /* PokemonDetailViewModel.swift in Sources */ = {isa = PBXBuildFile; fileRef = 81CC369E2859FE45000DB2F6 /* PokemonDetailViewModel.swift */; };
		81CC36A1285A0180000DB2F6 /* UiImageViewExtension.swift in Sources */ = {isa = PBXBuildFile; fileRef = 81CC36A0285A0180000DB2F6 /* UiImageViewExtension.swift */; };
		81E711FF2852CD3500747263 /* Pokemon.swift in Sources */ = {isa = PBXBuildFile; fileRef = 81E711FE2852CD3500747263 /* Pokemon.swift */; };
		81E712012852CE1200747263 /* PokemonResponse.swift in Sources */ = {isa = PBXBuildFile; fileRef = 81E712002852CE1200747263 /* PokemonResponse.swift */; };
		81E712032852CEDE00747263 /* PokemonListService.swift in Sources */ = {isa = PBXBuildFile; fileRef = 81E712022852CEDE00747263 /* PokemonListService.swift */; };
		81E712052852CFD700747263 /* Constants.swift in Sources */ = {isa = PBXBuildFile; fileRef = 81E712042852CFD700747263 /* Constants.swift */; };
/* End PBXBuildFile section */

/* Begin PBXFileReference section */
		8169EB552852C45900AFB536 /* ApiManager.swift */ = {isa = PBXFileReference; lastKnownFileType = sourcecode.swift; path = ApiManager.swift; sourceTree = "<group>"; };
		816C1E9228573852003C0F63 /* PokemonListViewTableCell.swift */ = {isa = PBXFileReference; lastKnownFileType = sourcecode.swift; path = PokemonListViewTableCell.swift; sourceTree = "<group>"; };
		8171A021284B3FE500938CAE /* Pokedex.app */ = {isa = PBXFileReference; explicitFileType = wrapper.application; includeInIndex = 0; path = Pokedex.app; sourceTree = BUILT_PRODUCTS_DIR; };
		8171A024284B3FE500938CAE /* AppDelegate.swift */ = {isa = PBXFileReference; lastKnownFileType = sourcecode.swift; path = AppDelegate.swift; sourceTree = "<group>"; };
		8171A026284B3FE500938CAE /* SceneDelegate.swift */ = {isa = PBXFileReference; lastKnownFileType = sourcecode.swift; path = SceneDelegate.swift; sourceTree = "<group>"; };
		8171A02D284B3FED00938CAE /* Assets.xcassets */ = {isa = PBXFileReference; lastKnownFileType = folder.assetcatalog; path = Assets.xcassets; sourceTree = "<group>"; };
		8171A030284B3FED00938CAE /* Base */ = {isa = PBXFileReference; lastKnownFileType = file.storyboard; name = Base; path = Base.lproj/LaunchScreen.storyboard; sourceTree = "<group>"; };
		8171A032284B3FED00938CAE /* Info.plist */ = {isa = PBXFileReference; lastKnownFileType = text.plist.xml; path = Info.plist; sourceTree = "<group>"; };
		81B9638E2858E608006EEEFB /* PokemonDetailService.swift */ = {isa = PBXFileReference; lastKnownFileType = sourcecode.swift; path = PokemonDetailService.swift; sourceTree = "<group>"; };
		81B963902858E75D006EEEFB /* PokemonDetail.swift */ = {isa = PBXFileReference; lastKnownFileType = sourcecode.swift; path = PokemonDetail.swift; sourceTree = "<group>"; };
		81B963922858E85F006EEEFB /* PokemonSprites.swift */ = {isa = PBXFileReference; lastKnownFileType = sourcecode.swift; path = PokemonSprites.swift; sourceTree = "<group>"; };
		81B963942858E9BB006EEEFB /* PokemonDetailViewController.swift */ = {isa = PBXFileReference; lastKnownFileType = sourcecode.swift; path = PokemonDetailViewController.swift; sourceTree = "<group>"; };
		81C7610F2854057300C4D25B /* PokemonListViewModel.swift */ = {isa = PBXFileReference; lastKnownFileType = sourcecode.swift; path = PokemonListViewModel.swift; sourceTree = "<group>"; };
		81C761112854071A00C4D25B /* PokemonListViewController.swift */ = {isa = PBXFileReference; lastKnownFileType = sourcecode.swift; path = PokemonListViewController.swift; sourceTree = "<group>"; };
		81CC369E2859FE45000DB2F6 /* PokemonDetailViewModel.swift */ = {isa = PBXFileReference; lastKnownFileType = sourcecode.swift; path = PokemonDetailViewModel.swift; sourceTree = "<group>"; };
		81CC36A0285A0180000DB2F6 /* UiImageViewExtension.swift */ = {isa = PBXFileReference; lastKnownFileType = sourcecode.swift; path = UiImageViewExtension.swift; sourceTree = "<group>"; };
		81E711FE2852CD3500747263 /* Pokemon.swift */ = {isa = PBXFileReference; lastKnownFileType = sourcecode.swift; path = Pokemon.swift; sourceTree = "<group>"; };
		81E712002852CE1200747263 /* PokemonResponse.swift */ = {isa = PBXFileReference; lastKnownFileType = sourcecode.swift; path = PokemonResponse.swift; sourceTree = "<group>"; };
		81E712022852CEDE00747263 /* PokemonListService.swift */ = {isa = PBXFileReference; lastKnownFileType = sourcecode.swift; path = PokemonListService.swift; sourceTree = "<group>"; };
		81E712042852CFD700747263 /* Constants.swift */ = {isa = PBXFileReference; lastKnownFileType = sourcecode.swift; path = Constants.swift; sourceTree = "<group>"; };
/* End PBXFileReference section */

/* Begin PBXFrameworksBuildPhase section */
		8171A01E284B3FE500938CAE /* Frameworks */ = {
			isa = PBXFrameworksBuildPhase;
			buildActionMask = 2147483647;
			files = (
				8169EB542852C3CA00AFB536 /* Alamofire in Frameworks */,
			);
			runOnlyForDeploymentPostprocessing = 0;
		};
/* End PBXFrameworksBuildPhase section */

/* Begin PBXGroup section */
		8169EB412852B9E700AFB536 /* App */ = {
			isa = PBXGroup;
			children = (
				8169EB452852BA3700AFB536 /* Utls */,
				8169EB442852BA1400AFB536 /* Shared */,
				8169EB422852B9F900AFB536 /* Modules */,
			);
			path = App;
			sourceTree = "<group>";
		};
		8169EB422852B9F900AFB536 /* Modules */ = {
			isa = PBXGroup;
			children = (
				8169EB4A2852BBFF00AFB536 /* PokemonDetails */,
				8169EB492852BBF400AFB536 /* PokemonList */,
			);
			path = Modules;
			sourceTree = "<group>";
		};
		8169EB442852BA1400AFB536 /* Shared */ = {
			isa = PBXGroup;
			children = (
				8169EB462852BBAF00AFB536 /* Networking */,
				8169EB472852BBBF00AFB536 /* Models */,
				81E712042852CFD700747263 /* Constants.swift */,
			);
			path = Shared;
			sourceTree = "<group>";
		};
		8169EB452852BA3700AFB536 /* Utls */ = {
			isa = PBXGroup;
			children = (
				81CC36A0285A0180000DB2F6 /* UiImageViewExtension.swift */,
			);
			path = Utls;
			sourceTree = "<group>";
		};
		8169EB462852BBAF00AFB536 /* Networking */ = {
			isa = PBXGroup;
			children = (
				8169EB552852C45900AFB536 /* ApiManager.swift */,
			);
			path = Networking;
			sourceTree = "<group>";
		};
		8169EB472852BBBF00AFB536 /* Models */ = {
			isa = PBXGroup;
			children = (
				81E711FE2852CD3500747263 /* Pokemon.swift */,
				81E712002852CE1200747263 /* PokemonResponse.swift */,
				81B963902858E75D006EEEFB /* PokemonDetail.swift */,
				81B963922858E85F006EEEFB /* PokemonSprites.swift */,
			);
			path = Models;
			sourceTree = "<group>";
		};
		8169EB492852BBF400AFB536 /* PokemonList */ = {
			isa = PBXGroup;
			children = (
				8169EB4E2852BC8100AFB536 /* ViewModel */,
				8169EB4C2852BC7200AFB536 /* View */,
				8169EB4B2852BC2F00AFB536 /* Service */,
			);
			path = PokemonList;
			sourceTree = "<group>";
		};
		8169EB4A2852BBFF00AFB536 /* PokemonDetails */ = {
			isa = PBXGroup;
			children = (
				8169EB512852BCB400AFB536 /* ViewModel */,
				8169EB502852BCA200AFB536 /* Service */,
				8169EB4F2852BC9F00AFB536 /* View */,
			);
			path = PokemonDetails;
			sourceTree = "<group>";
		};
		8169EB4B2852BC2F00AFB536 /* Service */ = {
			isa = PBXGroup;
			children = (
				81E712022852CEDE00747263 /* PokemonListService.swift */,
			);
			path = Service;
			sourceTree = "<group>";
		};
		8169EB4C2852BC7200AFB536 /* View */ = {
			isa = PBXGroup;
			children = (
				81C761112854071A00C4D25B /* PokemonListViewController.swift */,
				816C1E9228573852003C0F63 /* PokemonListViewTableCell.swift */,
			);
			path = View;
			sourceTree = "<group>";
		};
		8169EB4E2852BC8100AFB536 /* ViewModel */ = {
			isa = PBXGroup;
			children = (
				81C7610F2854057300C4D25B /* PokemonListViewModel.swift */,
			);
			path = ViewModel;
			sourceTree = "<group>";
		};
		8169EB4F2852BC9F00AFB536 /* View */ = {
			isa = PBXGroup;
			children = (
				81B963942858E9BB006EEEFB /* PokemonDetailViewController.swift */,
			);
			path = View;
			sourceTree = "<group>";
		};
		8169EB502852BCA200AFB536 /* Service */ = {
			isa = PBXGroup;
			children = (
				81B9638E2858E608006EEEFB /* PokemonDetailService.swift */,
			);
			path = Service;
			sourceTree = "<group>";
		};
		8169EB512852BCB400AFB536 /* ViewModel */ = {
			isa = PBXGroup;
			children = (
				81CC369E2859FE45000DB2F6 /* PokemonDetailViewModel.swift */,
			);
			path = ViewModel;
			sourceTree = "<group>";
		};
		8171A018284B3FE500938CAE = {
			isa = PBXGroup;
			children = (
				8171A023284B3FE500938CAE /* Pokedex */,
				8171A022284B3FE500938CAE /* Products */,
			);
			sourceTree = "<group>";
		};
		8171A022284B3FE500938CAE /* Products */ = {
			isa = PBXGroup;
			children = (
				8171A021284B3FE500938CAE /* Pokedex.app */,
			);
			name = Products;
			sourceTree = "<group>";
		};
		8171A023284B3FE500938CAE /* Pokedex */ = {
			isa = PBXGroup;
			children = (
				8169EB412852B9E700AFB536 /* App */,
				8171A024284B3FE500938CAE /* AppDelegate.swift */,
				8171A026284B3FE500938CAE /* SceneDelegate.swift */,
				8171A02D284B3FED00938CAE /* Assets.xcassets */,
				8171A02F284B3FED00938CAE /* LaunchScreen.storyboard */,
				8171A032284B3FED00938CAE /* Info.plist */,
			);
			path = Pokedex;
			sourceTree = "<group>";
		};
/* End PBXGroup section */

/* Begin PBXNativeTarget section */
		8171A020284B3FE500938CAE /* Pokedex */ = {
			isa = PBXNativeTarget;
			buildConfigurationList = 8171A035284B3FED00938CAE /* Build configuration list for PBXNativeTarget "Pokedex" */;
			buildPhases = (
				8171A01D284B3FE500938CAE /* Sources */,
				8171A01E284B3FE500938CAE /* Frameworks */,
				8171A01F284B3FE500938CAE /* Resources */,
			);
			buildRules = (
			);
			dependencies = (
			);
			name = Pokedex;
			packageProductDependencies = (
				8169EB532852C3CA00AFB536 /* Alamofire */,
			);
			productName = Pokedex;
			productReference = 8171A021284B3FE500938CAE /* Pokedex.app */;
			productType = "com.apple.product-type.application";
		};
/* End PBXNativeTarget section */

/* Begin PBXProject section */
		8171A019284B3FE500938CAE /* Project object */ = {
			isa = PBXProject;
			attributes = {
				BuildIndependentTargetsInParallel = 1;
				LastSwiftUpdateCheck = 1340;
				LastUpgradeCheck = 1340;
				TargetAttributes = {
					8171A020284B3FE500938CAE = {
						CreatedOnToolsVersion = 13.4;
					};
				};
			};
			buildConfigurationList = 8171A01C284B3FE500938CAE /* Build configuration list for PBXProject "Pokedex" */;
			compatibilityVersion = "Xcode 13.0";
			developmentRegion = en;
			hasScannedForEncodings = 0;
			knownRegions = (
				en,
				Base,
			);
			mainGroup = 8171A018284B3FE500938CAE;
			packageReferences = (
				8169EB522852C3CA00AFB536 /* XCRemoteSwiftPackageReference "Alamofire" */,
			);
			productRefGroup = 8171A022284B3FE500938CAE /* Products */;
			projectDirPath = "";
			projectRoot = "";
			targets = (
				8171A020284B3FE500938CAE /* Pokedex */,
			);
		};
/* End PBXProject section */

/* Begin PBXResourcesBuildPhase section */
		8171A01F284B3FE500938CAE /* Resources */ = {
			isa = PBXResourcesBuildPhase;
			buildActionMask = 2147483647;
			files = (
				8171A031284B3FED00938CAE /* LaunchScreen.storyboard in Resources */,
				8171A02E284B3FED00938CAE /* Assets.xcassets in Resources */,
			);
			runOnlyForDeploymentPostprocessing = 0;
		};
/* End PBXResourcesBuildPhase section */

/* Begin PBXSourcesBuildPhase section */
		8171A01D284B3FE500938CAE /* Sources */ = {
			isa = PBXSourcesBuildPhase;
			buildActionMask = 2147483647;
			files = (
				81B963932858E85F006EEEFB /* PokemonSprites.swift in Sources */,
				81E712032852CEDE00747263 /* PokemonListService.swift in Sources */,
				81C761102854057300C4D25B /* PokemonListViewModel.swift in Sources */,
				81B9638F2858E608006EEEFB /* PokemonDetailService.swift in Sources */,
				81E711FF2852CD3500747263 /* Pokemon.swift in Sources */,
				8169EB562852C45900AFB536 /* ApiManager.swift in Sources */,
				81E712012852CE1200747263 /* PokemonResponse.swift in Sources */,
				8171A025284B3FE500938CAE /* AppDelegate.swift in Sources */,
				81CC369F2859FE45000DB2F6 /* PokemonDetailViewModel.swift in Sources */,
				8171A027284B3FE500938CAE /* SceneDelegate.swift in Sources */,
				81B963952858E9BB006EEEFB /* PokemonDetailViewController.swift in Sources */,
				81C761122854071A00C4D25B /* PokemonListViewController.swift in Sources */,
				81E712052852CFD700747263 /* Constants.swift in Sources */,
				81B963912858E75D006EEEFB /* PokemonDetail.swift in Sources */,
				81CC36A1285A0180000DB2F6 /* UiImageViewExtension.swift in Sources */,
				816C1E9328573852003C0F63 /* PokemonListViewTableCell.swift in Sources */,
			);
			runOnlyForDeploymentPostprocessing = 0;
		};
/* End PBXSourcesBuildPhase section */

/* Begin PBXVariantGroup section */
		8171A02F284B3FED00938CAE /* LaunchScreen.storyboard */ = {
			isa = PBXVariantGroup;
			children = (
				8171A030284B3FED00938CAE /* Base */,
			);
			name = LaunchScreen.storyboard;
			sourceTree = "<group>";
		};
/* End PBXVariantGroup section */

/* Begin XCBuildConfiguration section */
		8171A033284B3FED00938CAE /* Debug */ = {
			isa = XCBuildConfiguration;
			buildSettings = {
				ALWAYS_SEARCH_USER_PATHS = NO;
				CLANG_ANALYZER_NONNULL = YES;
				CLANG_ANALYZER_NUMBER_OBJECT_CONVERSION = YES_AGGRESSIVE;
				CLANG_CXX_LANGUAGE_STANDARD = "gnu++17";
				CLANG_ENABLE_MODULES = YES;
				CLANG_ENABLE_OBJC_ARC = YES;
				CLANG_ENABLE_OBJC_WEAK = YES;
				CLANG_WARN_BLOCK_CAPTURE_AUTORELEASING = YES;
				CLANG_WARN_BOOL_CONVERSION = YES;
				CLANG_WARN_COMMA = YES;
				CLANG_WARN_CONSTANT_CONVERSION = YES;
				CLANG_WARN_DEPRECATED_OBJC_IMPLEMENTATIONS = YES;
				CLANG_WARN_DIRECT_OBJC_ISA_USAGE = YES_ERROR;
				CLANG_WARN_DOCUMENTATION_COMMENTS = YES;
				CLANG_WARN_EMPTY_BODY = YES;
				CLANG_WARN_ENUM_CONVERSION = YES;
				CLANG_WARN_INFINITE_RECURSION = YES;
				CLANG_WARN_INT_CONVERSION = YES;
				CLANG_WARN_NON_LITERAL_NULL_CONVERSION = YES;
				CLANG_WARN_OBJC_IMPLICIT_RETAIN_SELF = YES;
				CLANG_WARN_OBJC_LITERAL_CONVERSION = YES;
				CLANG_WARN_OBJC_ROOT_CLASS = YES_ERROR;
				CLANG_WARN_QUOTED_INCLUDE_IN_FRAMEWORK_HEADER = YES;
				CLANG_WARN_RANGE_LOOP_ANALYSIS = YES;
				CLANG_WARN_STRICT_PROTOTYPES = YES;
				CLANG_WARN_SUSPICIOUS_MOVE = YES;
				CLANG_WARN_UNGUARDED_AVAILABILITY = YES_AGGRESSIVE;
				CLANG_WARN_UNREACHABLE_CODE = YES;
				CLANG_WARN__DUPLICATE_METHOD_MATCH = YES;
				COPY_PHASE_STRIP = NO;
				DEBUG_INFORMATION_FORMAT = dwarf;
				ENABLE_STRICT_OBJC_MSGSEND = YES;
				ENABLE_TESTABILITY = YES;
				GCC_C_LANGUAGE_STANDARD = gnu11;
				GCC_DYNAMIC_NO_PIC = NO;
				GCC_NO_COMMON_BLOCKS = YES;
				GCC_OPTIMIZATION_LEVEL = 0;
				GCC_PREPROCESSOR_DEFINITIONS = (
					"DEBUG=1",
					"$(inherited)",
				);
				GCC_WARN_64_TO_32_BIT_CONVERSION = YES;
				GCC_WARN_ABOUT_RETURN_TYPE = YES_ERROR;
				GCC_WARN_UNDECLARED_SELECTOR = YES;
				GCC_WARN_UNINITIALIZED_AUTOS = YES_AGGRESSIVE;
				GCC_WARN_UNUSED_FUNCTION = YES;
				GCC_WARN_UNUSED_VARIABLE = YES;
				IPHONEOS_DEPLOYMENT_TARGET = 15.5;
				MTL_ENABLE_DEBUG_INFO = INCLUDE_SOURCE;
				MTL_FAST_MATH = YES;
				ONLY_ACTIVE_ARCH = YES;
				SDKROOT = iphoneos;
				SWIFT_ACTIVE_COMPILATION_CONDITIONS = DEBUG;
				SWIFT_OPTIMIZATION_LEVEL = "-Onone";
			};
			name = Debug;
		};
		8171A034284B3FED00938CAE /* Release */ = {
			isa = XCBuildConfiguration;
			buildSettings = {
				ALWAYS_SEARCH_USER_PATHS = NO;
				CLANG_ANALYZER_NONNULL = YES;
				CLANG_ANALYZER_NUMBER_OBJECT_CONVERSION = YES_AGGRESSIVE;
				CLANG_CXX_LANGUAGE_STANDARD = "gnu++17";
				CLANG_ENABLE_MODULES = YES;
				CLANG_ENABLE_OBJC_ARC = YES;
				CLANG_ENABLE_OBJC_WEAK = YES;
				CLANG_WARN_BLOCK_CAPTURE_AUTORELEASING = YES;
				CLANG_WARN_BOOL_CONVERSION = YES;
				CLANG_WARN_COMMA = YES;
				CLANG_WARN_CONSTANT_CONVERSION = YES;
				CLANG_WARN_DEPRECATED_OBJC_IMPLEMENTATIONS = YES;
				CLANG_WARN_DIRECT_OBJC_ISA_USAGE = YES_ERROR;
				CLANG_WARN_DOCUMENTATION_COMMENTS = YES;
				CLANG_WARN_EMPTY_BODY = YES;
				CLANG_WARN_ENUM_CONVERSION = YES;
				CLANG_WARN_INFINITE_RECURSION = YES;
				CLANG_WARN_INT_CONVERSION = YES;
				CLANG_WARN_NON_LITERAL_NULL_CONVERSION = YES;
				CLANG_WARN_OBJC_IMPLICIT_RETAIN_SELF = YES;
				CLANG_WARN_OBJC_LITERAL_CONVERSION = YES;
				CLANG_WARN_OBJC_ROOT_CLASS = YES_ERROR;
				CLANG_WARN_QUOTED_INCLUDE_IN_FRAMEWORK_HEADER = YES;
				CLANG_WARN_RANGE_LOOP_ANALYSIS = YES;
				CLANG_WARN_STRICT_PROTOTYPES = YES;
				CLANG_WARN_SUSPICIOUS_MOVE = YES;
				CLANG_WARN_UNGUARDED_AVAILABILITY = YES_AGGRESSIVE;
				CLANG_WARN_UNREACHABLE_CODE = YES;
				CLANG_WARN__DUPLICATE_METHOD_MATCH = YES;
				COPY_PHASE_STRIP = NO;
				DEBUG_INFORMATION_FORMAT = "dwarf-with-dsym";
				ENABLE_NS_ASSERTIONS = NO;
				ENABLE_STRICT_OBJC_MSGSEND = YES;
				GCC_C_LANGUAGE_STANDARD = gnu11;
				GCC_NO_COMMON_BLOCKS = YES;
				GCC_WARN_64_TO_32_BIT_CONVERSION = YES;
				GCC_WARN_ABOUT_RETURN_TYPE = YES_ERROR;
				GCC_WARN_UNDECLARED_SELECTOR = YES;
				GCC_WARN_UNINITIALIZED_AUTOS = YES_AGGRESSIVE;
				GCC_WARN_UNUSED_FUNCTION = YES;
				GCC_WARN_UNUSED_VARIABLE = YES;
				IPHONEOS_DEPLOYMENT_TARGET = 15.5;
				MTL_ENABLE_DEBUG_INFO = NO;
				MTL_FAST_MATH = YES;
				SDKROOT = iphoneos;
				SWIFT_COMPILATION_MODE = wholemodule;
				SWIFT_OPTIMIZATION_LEVEL = "-O";
				VALIDATE_PRODUCT = YES;
			};
			name = Release;
		};
		8171A036284B3FED00938CAE /* Debug */ = {
			isa = XCBuildConfiguration;
			buildSettings = {
				ASSETCATALOG_COMPILER_APPICON_NAME = AppIcon;
				ASSETCATALOG_COMPILER_GLOBAL_ACCENT_COLOR_NAME = AccentColor;
				CODE_SIGN_IDENTITY = "Apple Development";
				CODE_SIGN_STYLE = Automatic;
				CURRENT_PROJECT_VERSION = 1;
				DEVELOPMENT_TEAM = 9VBD5G564R;
				GENERATE_INFOPLIST_FILE = YES;
				INFOPLIST_FILE = Pokedex/Info.plist;
				INFOPLIST_KEY_UIApplicationSupportsIndirectInputEvents = YES;
				INFOPLIST_KEY_UILaunchStoryboardName = LaunchScreen;
				INFOPLIST_KEY_UISupportedInterfaceOrientations = "UIInterfaceOrientationLandscapeLeft UIInterfaceOrientationLandscapeRight UIInterfaceOrientationPortrait";
				INFOPLIST_KEY_UISupportedInterfaceOrientations_iPad = "UIInterfaceOrientationPortrait UIInterfaceOrientationPortraitUpsideDown UIInterfaceOrientationLandscapeLeft UIInterfaceOrientationLandscapeRight";
				INFOPLIST_KEY_UISupportedInterfaceOrientations_iPhone = "UIInterfaceOrientationPortrait UIInterfaceOrientationLandscapeLeft UIInterfaceOrientationLandscapeRight";
				LD_RUNPATH_SEARCH_PATHS = (
					"$(inherited)",
					"@executable_path/Frameworks",
				);
				MARKETING_VERSION = 1.0;
				PRODUCT_BUNDLE_IDENTIFIER = Pokedex.Alkemy;
				PRODUCT_NAME = "$(TARGET_NAME)";
				PROVISIONING_PROFILE_SPECIFIER = "";
				SWIFT_EMIT_LOC_STRINGS = YES;
				SWIFT_VERSION = 5.0;
				TARGETED_DEVICE_FAMILY = "1,2";
			};
			name = Debug;
		};
		8171A037284B3FED00938CAE /* Release */ = {
			isa = XCBuildConfiguration;
			buildSettings = {
				ASSETCATALOG_COMPILER_APPICON_NAME = AppIcon;
				ASSETCATALOG_COMPILER_GLOBAL_ACCENT_COLOR_NAME = AccentColor;
				CODE_SIGN_IDENTITY = "Apple Development";
				CODE_SIGN_STYLE = Automatic;
				CURRENT_PROJECT_VERSION = 1;
				DEVELOPMENT_TEAM = 9VBD5G564R;
				GENERATE_INFOPLIST_FILE = YES;
				INFOPLIST_FILE = Pokedex/Info.plist;
				INFOPLIST_KEY_UIApplicationSupportsIndirectInputEvents = YES;
				INFOPLIST_KEY_UILaunchStoryboardName = LaunchScreen;
				INFOPLIST_KEY_UISupportedInterfaceOrientations = "UIInterfaceOrientationLandscapeLeft UIInterfaceOrientationLandscapeRight UIInterfaceOrientationPortrait";
				INFOPLIST_KEY_UISupportedInterfaceOrientations_iPad = "UIInterfaceOrientationPortrait UIInterfaceOrientationPortraitUpsideDown UIInterfaceOrientationLandscapeLeft UIInterfaceOrientationLandscapeRight";
				INFOPLIST_KEY_UISupportedInterfaceOrientations_iPhone = "UIInterfaceOrientationPortrait UIInterfaceOrientationLandscapeLeft UIInterfaceOrientationLandscapeRight";
				LD_RUNPATH_SEARCH_PATHS = (
					"$(inherited)",
					"@executable_path/Frameworks",
				);
				MARKETING_VERSION = 1.0;
				PRODUCT_BUNDLE_IDENTIFIER = Pokedex.Alkemy;
				PRODUCT_NAME = "$(TARGET_NAME)";
				PROVISIONING_PROFILE_SPECIFIER = "";
				SWIFT_EMIT_LOC_STRINGS = YES;
				SWIFT_VERSION = 5.0;
				TARGETED_DEVICE_FAMILY = "1,2";
			};
			name = Release;
		};
/* End XCBuildConfiguration section */

/* Begin XCConfigurationList section */
		8171A01C284B3FE500938CAE /* Build configuration list for PBXProject "Pokedex" */ = {
			isa = XCConfigurationList;
			buildConfigurations = (
				8171A033284B3FED00938CAE /* Debug */,
				8171A034284B3FED00938CAE /* Release */,
			);
			defaultConfigurationIsVisible = 0;
			defaultConfigurationName = Release;
		};
		8171A035284B3FED00938CAE /* Build configuration list for PBXNativeTarget "Pokedex" */ = {
			isa = XCConfigurationList;
			buildConfigurations = (
				8171A036284B3FED00938CAE /* Debug */,
				8171A037284B3FED00938CAE /* Release */,
			);
			defaultConfigurationIsVisible = 0;
			defaultConfigurationName = Release;
		};
/* End XCConfigurationList section */

/* Begin XCRemoteSwiftPackageReference section */
		8169EB522852C3CA00AFB536 /* XCRemoteSwiftPackageReference "Alamofire" */ = {
			isa = XCRemoteSwiftPackageReference;
			repositoryURL = "https://github.com/Alamofire/Alamofire";
			requirement = {
				kind = upToNextMajorVersion;
				minimumVersion = 5.0.0;
			};
		};
/* End XCRemoteSwiftPackageReference section */

/* Begin XCSwiftPackageProductDependency section */
		8169EB532852C3CA00AFB536 /* Alamofire */ = {
			isa = XCSwiftPackageProductDependency;
			package = 8169EB522852C3CA00AFB536 /* XCRemoteSwiftPackageReference "Alamofire" */;
			productName = Alamofire;
		};
/* End XCSwiftPackageProductDependency section */
	};
	rootObject = 8171A019284B3FE500938CAE /* Project object */;
}
